
Microsoft Visual Studio Solution File, Format Version 12.00
# Visual Studio Version 18
VisualStudioVersion = 18.6.11806.211 stable
MinimumVisualStudioVersion = 10.0.40219.1
Project("{2150E333-8FDC-42A3-9474-1A3956D46DE8}") = "src", "src", "{827E0CD3-B72D-47B6-A68D-7590B98EB39B}"
EndProject
Project("{2150E333-8FDC-42A3-9474-1A3956D46DE8}") = "Crosscutting", "Crosscutting", "{72965DCD-12A8-D5EC-B078-FEDA0D584BDC}"
EndProject
Project("{FAE04EC0-301F-11D3-BF4B-00C04F79EFBC}") = "FinanceControl.Contracts", "src\Crosscutting\FinanceControl.Contracts\FinanceControl.Contracts.csproj", "{5FC0A44D-EBB0-4526-8481-B52B1404C6AF}"
EndProject
Project("{FAE04EC0-301F-11D3-BF4B-00C04F79EFBC}") = "FinanceControl.Culture", "src\Crosscutting\FinanceControl.Culture\FinanceControl.Culture.csproj", "{A1B2C3D4-E5F6-7890-ABCD-EF1234567890}"
EndProject
Project("{2150E333-8FDC-42A3-9474-1A3956D46DE8}") = "Domain", "Domain", "{8B290487-4C16-E85E-E807-F579CBE9FC4D}"
EndProject
Project("{FAE04EC0-301F-11D3-BF4B-00C04F79EFBC}") = "FinanceControl.Domain", "src\Domain\FinanceControl.Domain\FinanceControl.Domain.csproj", "{6F2EF676-EE89-4606-9FF1-9DFDE9AEC881}"
EndProject
Project("{FAE04EC0-301F-11D3-BF4B-00C04F79EFBC}") = "FinanceControl.Domain.Services", "src\Domain\FinanceControl.Domain.Services\FinanceControl.Domain.Services.csproj", "{C92981B1-2D9D-442D-8F4B-98C2BF5DB18A}"
EndProject
Project("{2150E333-8FDC-42A3-9474-1A3956D46DE8}") = "Infrastructure", "Infrastructure", "{9048EB7F-3875-A59E-E36B-5BD4C6F2A282}"
EndProject
Project("{2150E333-8FDC-42A3-9474-1A3956D46DE8}") = "Application", "Application", "{22BAF98C-8415-17C4-B26A-D537657BC863}"
EndProject
Project("{FAE04EC0-301F-11D3-BF4B-00C04F79EFBC}") = "FinanceControl.Data", "src\Infrastructure\FinanceControl.Data\FinanceControl.Data.csproj", "{13A07CDB-E1FD-499E-A386-6E048A179A96}"
EndProject
Project("{2150E333-8FDC-42A3-9474-1A3956D46DE8}") = "Presentation", "Presentation", "{6996BBF7-DB31-59BC-C7DD-9A7CCC6138C4}"
EndProject
Project("{FAE04EC0-301F-11D3-BF4B-00C04F79EFBC}") = "FinanceControl.Services", "src\Application\FinanceControl.Services\FinanceControl.Services.csproj", "{5067726D-C428-4379-AC4D-381C3B01EBF7}"
EndProject
Project("{FAE04EC0-301F-11D3-BF4B-00C04F79EFBC}") = "FinanceControl.Web.Api", "src\Application\FinanceControl.Web.Api\FinanceControl.Web.Api.csproj", "{6803A5A2-DCBE-4BA5-BC8E-11FD45A055B6}"
EndProject
Project("{2150E333-8FDC-42A3-9474-1A3956D46DE8}") = "Tests", "Tests", "{CEA09484-30F6-4D44-02F6-822E06DBC57C}"
EndProject
Project("{FAE04EC0-301F-11D3-BF4B-00C04F79EFBC}") = "FinanceControl.Client.Services", "src\Presentation\FinanceControl.Client.Services\FinanceControl.Client.Services.csproj", "{B2C3D4E5-F6A7-8901-BCDE-F12345678901}"
EndProject
Project("{FAE04EC0-301F-11D3-BF4B-00C04F79EFBC}") = "FinanceControl.Web", "src\Presentation\FinanceControl.Web.App\FinanceControl.Web.csproj", "{0718C184-FEA9-4B42-A8CE-A48AA49DF38C}"
EndProject
Project("{FAE04EC0-301F-11D3-BF4B-00C04F79EFBC}") = "FinanceControl.Tests", "src\Tests\FinanceControl.Tests\FinanceControl.Tests.csproj", "{4856E4C6-C65F-454C-94BA-D94E5C139556}"
EndProject
Global
	GlobalSection(SolutionConfigurationPlatforms) = preSolution
		Debug|Any CPU = Debug|Any CPU
		Debug|x64 = Debug|x64
		Debug|x86 = Debug|x86
		Release|Any CPU = Release|Any CPU
		Release|x64 = Release|x64
		Release|x86 = Release|x86
	EndGlobalSection
	GlobalSection(ProjectConfigurationPlatforms) = postSolution
		{5FC0A44D-EBB0-4526-8481-B52B1404C6AF}.Debug|Any CPU.ActiveCfg = Debug|Any CPU
		{5FC0A44D-EBB0-4526-8481-B52B1404C6AF}.Debug|Any CPU.Build.0 = Debug|Any CPU
		{5FC0A44D-EBB0-4526-8481-B52B1404C6AF}.Debug|x64.ActiveCfg = Debug|Any CPU
		{5FC0A44D-EBB0-4526-8481-B52B1404C6AF}.Debug|x64.Build.0 = Debug|Any CPU
		{5FC0A44D-EBB0-4526-8481-B52B1404C6AF}.Debug|x86.ActiveCfg = Debug|Any CPU
		{5FC0A44D-EBB0-4526-8481-B52B1404C6AF}.Debug|x86.Build.0 = Debug|Any CPU
		{5FC0A44D-EBB0-4526-8481-B52B1404C6AF}.Release|Any CPU.ActiveCfg = Release|Any CPU
		{5FC0A44D-EBB0-4526-8481-B52B1404C6AF}.Release|Any CPU.Build.0 = Release|Any CPU
		{5FC0A44D-EBB0-4526-8481-B52B1404C6AF}.Release|x64.ActiveCfg = Release|Any CPU
		{5FC0A44D-EBB0-4526-8481-B52B1404C6AF}.Release|x64.Build.0 = Release|Any CPU
		{5FC0A44D-EBB0-4526-8481-B52B1404C6AF}.Release|x86.ActiveCfg = Release|Any CPU
		{5FC0A44D-EBB0-4526-8481-B52B1404C6AF}.Release|x86.Build.0 = Release|Any CPU
		{A1B2C3D4-E5F6-7890-ABCD-EF1234567890}.Debug|Any CPU.ActiveCfg = Debug|Any CPU
		{A1B2C3D4-E5F6-7890-ABCD-EF1234567890}.Debug|Any CPU.Build.0 = Debug|Any CPU
		{A1B2C3D4-E5F6-7890-ABCD-EF1234567890}.Debug|x64.ActiveCfg = Debug|Any CPU
		{A1B2C3D4-E5F6-7890-ABCD-EF1234567890}.Debug|x64.Build.0 = Debug|Any CPU
		{A1B2C3D4-E5F6-7890-ABCD-EF1234567890}.Debug|x86.ActiveCfg = Debug|Any CPU
		{A1B2C3D4-E5F6-7890-ABCD-EF1234567890}.Debug|x86.Build.0 = Debug|Any CPU
		{A1B2C3D4-E5F6-7890-ABCD-EF1234567890}.Release|Any CPU.ActiveCfg = Release|Any CPU
		{A1B2C3D4-E5F6-7890-ABCD-EF1234567890}.Release|Any CPU.Build.0 = Release|Any CPU
		{A1B2C3D4-E5F6-7890-ABCD-EF1234567890}.Release|x64.ActiveCfg = Release|Any CPU
		{A1B2C3D4-E5F6-7890-ABCD-EF1234567890}.Release|x64.Build.0 = Release|Any CPU
		{A1B2C3D4-E5F6-7890-ABCD-EF1234567890}.Release|x86.ActiveCfg = Release|Any CPU
		{A1B2C3D4-E5F6-7890-ABCD-EF1234567890}.Release|x86.Build.0 = Release|Any CPU
		{6F2EF676-EE89-4606-9FF1-9DFDE9AEC881}.Debug|Any CPU.ActiveCfg = Debug|Any CPU
		{6F2EF676-EE89-4606-9FF1-9DFDE9AEC881}.Debug|Any CPU.Build.0 = Debug|Any CPU
		{6F2EF676-EE89-4606-9FF1-9DFDE9AEC881}.Debug|x64.ActiveCfg = Debug|Any CPU
		{6F2EF676-EE89-4606-9FF1-9DFDE9AEC881}.Debug|x64.Build.0 = Debug|Any CPU
		{6F2EF676-EE89-4606-9FF1-9DFDE9AEC881}.Debug|x86.ActiveCfg = Debug|Any CPU
		{6F2EF676-EE89-4606-9FF1-9DFDE9AEC881}.Debug|x86.Build.0 = Debug|Any CPU
		{6F2EF676-EE89-4606-9FF1-9DFDE9AEC881}.Release|Any CPU.ActiveCfg = Release|Any CPU
		{6F2EF676-EE89-4606-9FF1-9DFDE9AEC881}.Release|Any CPU.Build.0 = Release|Any CPU
		{6F2EF676-EE89-4606-9FF1-9DFDE9AEC881}.Release|x64.ActiveCfg = Release|Any CPU
		{6F2EF676-EE89-4606-9FF1-9DFDE9AEC881}.Release|x64.Build.0 = Release|Any CPU
		{6F2EF676-EE89-4606-9FF1-9DFDE9AEC881}.Release|x86.ActiveCfg = Release|Any CPU
		{6F2EF676-EE89-4606-9FF1-9DFDE9AEC881}.Release|x86.Build.0 = Release|Any CPU
		{C92981B1-2D9D-442D-8F4B-98C2BF5DB18A}.Debug|Any CPU.ActiveCfg = Debug|Any CPU
		{C92981B1-2D9D-442D-8F4B-98C2BF5DB18A}.Debug|Any CPU.Build.0 = Debug|Any CPU
		{C92981B1-2D9D-442D-8F4B-98C2BF5DB18A}.Debug|x64.ActiveCfg = Debug|Any CPU
		{C92981B1-2D9D-442D-8F4B-98C2BF5DB18A}.Debug|x64.Build.0 = Debug|Any CPU
		{C92981B1-2D9D-442D-8F4B-98C2BF5DB18A}.Debug|x86.ActiveCfg = Debug|Any CPU
		{C92981B1-2D9D-442D-8F4B-98C2BF5DB18A}.Debug|x86.Build.0 = Debug|Any CPU
		{C92981B1-2D9D-442D-8F4B-98C2BF5DB18A}.Release|Any CPU.ActiveCfg = Release|Any CPU
		{C92981B1-2D9D-442D-8F4B-98C2BF5DB18A}.Release|Any CPU.Build.0 = Release|Any CPU
		{C92981B1-2D9D-442D-8F4B-98C2BF5DB18A}.Release|x64.ActiveCfg = Release|Any CPU
		{C92981B1-2D9D-442D-8F4B-98C2BF5DB18A}.Release|x64.Build.0 = Release|Any CPU
		{C92981B1-2D9D-442D-8F4B-98C2BF5DB18A}.Release|x86.ActiveCfg = Release|Any CPU
		{C92981B1-2D9D-442D-8F4B-98C2BF5DB18A}.Release|x86.Build.0 = Release|Any CPU
		{13A07CDB-E1FD-499E-A386-6E048A179A96}.Debug|Any CPU.ActiveCfg = Debug|Any CPU
		{13A07CDB-E1FD-499E-A386-6E048A179A96}.Debug|Any CPU.Build.0 = Debug|Any CPU
		{13A07CDB-E1FD-499E-A386-6E048A179A96}.Debug|x64.ActiveCfg = Debug|Any CPU
		{13A07CDB-E1FD-499E-A386-6E048A179A96}.Debug|x64.Build.0 = Debug|Any CPU
		{13A07CDB-E1FD-499E-A386-6E048A179A96}.Debug|x86.ActiveCfg = Debug|Any CPU
		{13A07CDB-E1FD-499E-A386-6E048A179A96}.Debug|x86.Build.0 = Debug|Any CPU
		{13A07CDB-E1FD-499E-A386-6E048A179A96}.Release|Any CPU.ActiveCfg = Release|Any CPU
		{13A07CDB-E1FD-499E-A386-6E048A179A96}.Release|Any CPU.Build.0 = Release|Any CPU
		{13A07CDB-E1FD-499E-A386-6E048A179A96}.Release|x64.ActiveCfg = Release|Any CPU
		{13A07CDB-E1FD-499E-A386-6E048A179A96}.Release|x64.Build.0 = Release|Any CPU
		{13A07CDB-E1FD-499E-A386-6E048A179A96}.Release|x86.ActiveCfg = Release|Any CPU
		{13A07CDB-E1FD-499E-A386-6E048A179A96}.Release|x86.Build.0 = Release|Any CPU
		{5067726D-C428-4379-AC4D-381C3B01EBF7}.Debug|Any CPU.ActiveCfg = Debug|Any CPU
		{5067726D-C428-4379-AC4D-381C3B01EBF7}.Debug|Any CPU.Build.0 = Debug|Any CPU
		{5067726D-C428-4379-AC4D-381C3B01EBF7}.Debug|x64.ActiveCfg = Debug|Any CPU
		{5067726D-C428-4379-AC4D-381C3B01EBF7}.Debug|x64.Build.0 = Debug|Any CPU
		{5067726D-C428-4379-AC4D-381C3B01EBF7}.Debug|x86.ActiveCfg = Debug|Any CPU
		{5067726D-C428-4379-AC4D-381C3B01EBF7}.Debug|x86.Build.0 = Debug|Any CPU
		{5067726D-C428-4379-AC4D-381C3B01EBF7}.Release|Any CPU.ActiveCfg = Release|Any CPU
		{5067726D-C428-4379-AC4D-381C3B01EBF7}.Release|Any CPU.Build.0 = Release|Any CPU
		{5067726D-C428-4379-AC4D-381C3B01EBF7}.Release|x64.ActiveCfg = Release|Any CPU
		{5067726D-C428-4379-AC4D-381C3B01EBF7}.Release|x64.Build.0 = Release|Any CPU
		{5067726D-C428-4379-AC4D-381C3B01EBF7}.Release|x86.ActiveCfg = Release|Any CPU
		{5067726D-C428-4379-AC4D-381C3B01EBF7}.Release|x86.Build.0 = Release|Any CPU
		{6803A5A2-DCBE-4BA5-BC8E-11FD45A055B6}.Debug|Any CPU.ActiveCfg = Debug|Any CPU
		{6803A5A2-DCBE-4BA5-BC8E-11FD45A055B6}.Debug|Any CPU.Build.0 = Debug|Any CPU
		{6803A5A2-DCBE-4BA5-BC8E-11FD45A055B6}.Debug|x64.ActiveCfg = Debug|Any CPU
		{6803A5A2-DCBE-4BA5-BC8E-11FD45A055B6}.Debug|x64.Build.0 = Debug|Any CPU
		{6803A5A2-DCBE-4BA5-BC8E-11FD45A055B6}.Debug|x86.ActiveCfg = Debug|Any CPU
		{6803A5A2-DCBE-4BA5-BC8E-11FD45A055B6}.Debug|x86.Build.0 = Debug|Any CPU
		{6803A5A2-DCBE-4BA5-BC8E-11FD45A055B6}.Release|Any CPU.ActiveCfg = Release|Any CPU
		{6803A5A2-DCBE-4BA5-BC8E-11FD45A055B6}.Release|Any CPU.Build.0 = Release|Any CPU
		{6803A5A2-DCBE-4BA5-BC8E-11FD45A055B6}.Release|x64.ActiveCfg = Release|Any CPU
		{6803A5A2-DCBE-4BA5-BC8E-11FD45A055B6}.Release|x64.Build.0 = Release|Any CPU
		{6803A5A2-DCBE-4BA5-BC8E-11FD45A055B6}.Release|x86.ActiveCfg = Release|Any CPU
		{6803A5A2-DCBE-4BA5-BC8E-11FD45A055B6}.Release|x86.Build.0 = Release|Any CPU
		{B2C3D4E5-F6A7-8901-BCDE-F12345678901}.Debug|Any CPU.ActiveCfg = Debug|Any CPU
		{B2C3D4E5-F6A7-8901-BCDE-F12345678901}.Debug|Any CPU.Build.0 = Debug|Any CPU
		{B2C3D4E5-F6A7-8901-BCDE-F12345678901}.Debug|x64.ActiveCfg = Debug|Any CPU
		{B2C3D4E5-F6A7-8901-BCDE-F12345678901}.Debug|x64.Build.0 = Debug|Any CPU
		{B2C3D4E5-F6A7-8901-BCDE-F12345678901}.Debug|x86.ActiveCfg = Debug|Any CPU
		{B2C3D4E5-F6A7-8901-BCDE-F12345678901}.Debug|x86.Build.0 = Debug|Any CPU
		{B2C3D4E5-F6A7-8901-BCDE-F12345678901}.Release|Any CPU.ActiveCfg = Release|Any CPU
		{B2C3D4E5-F6A7-8901-BCDE-F12345678901}.Release|Any CPU.Build.0 = Release|Any CPU
		{B2C3D4E5-F6A7-8901-BCDE-F12345678901}.Release|x64.ActiveCfg = Release|Any CPU
		{B2C3D4E5-F6A7-8901-BCDE-F12345678901}.Release|x64.Build.0 = Release|Any CPU
		{B2C3D4E5-F6A7-8901-BCDE-F12345678901}.Release|x86.ActiveCfg = Release|Any CPU
		{B2C3D4E5-F6A7-8901-BCDE-F12345678901}.Release|x86.Build.0 = Release|Any CPU
		{0718C184-FEA9-4B42-A8CE-A48AA49DF38C}.Debug|Any CPU.ActiveCfg = Debug|Any CPU
		{0718C184-FEA9-4B42-A8CE-A48AA49DF38C}.Debug|Any CPU.Build.0 = Debug|Any CPU
		{0718C184-FEA9-4B42-A8CE-A48AA49DF38C}.Debug|x64.ActiveCfg = Debug|Any CPU
		{0718C184-FEA9-4B42-A8CE-A48AA49DF38C}.Debug|x64.Build.0 = Debug|Any CPU
		{0718C184-FEA9-4B42-A8CE-A48AA49DF38C}.Debug|x86.ActiveCfg = Debug|Any CPU
		{0718C184-FEA9-4B42-A8CE-A48AA49DF38C}.Debug|x86.Build.0 = Debug|Any CPU
		{0718C184-FEA9-4B42-A8CE-A48AA49DF38C}.Release|Any CPU.ActiveCfg = Release|Any CPU
		{0718C184-FEA9-4B42-A8CE-A48AA49DF38C}.Release|Any CPU.Build.0 = Release|Any CPU
		{0718C184-FEA9-4B42-A8CE-A48AA49DF38C}.Release|x64.ActiveCfg = Release|Any CPU
		{0718C184-FEA9-4B42-A8CE-A48AA49DF38C}.Release|x64.Build.0 = Release|Any CPU
		{0718C184-FEA9-4B42-A8CE-A48AA49DF38C}.Release|x86.ActiveCfg = Release|Any CPU
		{0718C184-FEA9-4B42-A8CE-A48AA49DF38C}.Release|x86.Build.0 = Release|Any CPU
		{4856E4C6-C65F-454C-94BA-D94E5C139556}.Debug|Any CPU.ActiveCfg = Debug|Any CPU
		{4856E4C6-C65F-454C-94BA-D94E5C139556}.Debug|Any CPU.Build.0 = Debug|Any CPU
		{4856E4C6-C65F-454C-94BA-D94E5C139556}.Debug|x64.ActiveCfg = Debug|Any CPU
		{4856E4C6-C65F-454C-94BA-D94E5C139556}.Debug|x64.Build.0 = Debug|Any CPU
		{4856E4C6-C65F-454C-94BA-D94E5C139556}.Debug|x86.ActiveCfg = Debug|Any CPU
		{4856E4C6-C65F-454C-94BA-D94E5C139556}.Debug|x86.Build.0 = Debug|Any CPU
		{4856E4C6-C65F-454C-94BA-D94E5C139556}.Release|Any CPU.ActiveCfg = Release|Any CPU
		{4856E4C6-C65F-454C-94BA-D94E5C139556}.Release|Any CPU.Build.0 = Release|Any CPU
		{4856E4C6-C65F-454C-94BA-D94E5C139556}.Release|x64.ActiveCfg = Release|Any CPU
		{4856E4C6-C65F-454C-94BA-D94E5C139556}.Release|x64.Build.0 = Release|Any CPU
		{4856E4C6-C65F-454C-94BA-D94E5C139556}.Release|x86.ActiveCfg = Release|Any CPU
		{4856E4C6-C65F-454C-94BA-D94E5C139556}.Release|x86.Build.0 = Release|Any CPU
	EndGlobalSection
	GlobalSection(SolutionProperties) = preSolution
		HideSolutionNode = FALSE
	EndGlobalSection
	GlobalSection(NestedProjects) = preSolution
		{72965DCD-12A8-D5EC-B078-FEDA0D584BDC} = {827E0CD3-B72D-47B6-A68D-7590B98EB39B}
		{5FC0A44D-EBB0-4526-8481-B52B1404C6AF} = {72965DCD-12A8-D5EC-B078-FEDA0D584BDC}
		{A1B2C3D4-E5F6-7890-ABCD-EF1234567890} = {72965DCD-12A8-D5EC-B078-FEDA0D584BDC}
		{8B290487-4C16-E85E-E807-F579CBE9FC4D} = {827E0CD3-B72D-47B6-A68D-7590B98EB39B}
		{6F2EF676-EE89-4606-9FF1-9DFDE9AEC881} = {8B290487-4C16-E85E-E807-F579CBE9FC4D}
		{C92981B1-2D9D-442D-8F4B-98C2BF5DB18A} = {8B290487-4C16-E85E-E807-F579CBE9FC4D}
		{9048EB7F-3875-A59E-E36B-5BD4C6F2A282} = {827E0CD3-B72D-47B6-A68D-7590B98EB39B}
		{22BAF98C-8415-17C4-B26A-D537657BC863} = {827E0CD3-B72D-47B6-A68D-7590B98EB39B}
		{13A07CDB-E1FD-499E-A386-6E048A179A96} = {9048EB7F-3875-A59E-E36B-5BD4C6F2A282}
		{6996BBF7-DB31-59BC-C7DD-9A7CCC6138C4} = {827E0CD3-B72D-47B6-A68D-7590B98EB39B}
		{5067726D-C428-4379-AC4D-381C3B01EBF7} = {22BAF98C-8415-17C4-B26A-D537657BC863}
		{6803A5A2-DCBE-4BA5-BC8E-11FD45A055B6} = {22BAF98C-8415-17C4-B26A-D537657BC863}
		{CEA09484-30F6-4D44-02F6-822E06DBC57C} = {827E0CD3-B72D-47B6-A68D-7590B98EB39B}
		{B2C3D4E5-F6A7-8901-BCDE-F12345678901} = {6996BBF7-DB31-59BC-C7DD-9A7CCC6138C4}
		{0718C184-FEA9-4B42-A8CE-A48AA49DF38C} = {6996BBF7-DB31-59BC-C7DD-9A7CCC6138C4}
		{4856E4C6-C65F-454C-94BA-D94E5C139556} = {CEA09484-30F6-4D44-02F6-822E06DBC57C}
	EndGlobalSection
	GlobalSection(ExtensibilityGlobals) = postSolution
		SolutionGuid = {FEA54075-B517-4905-9FD6-F61FDA7F7978}
	EndGlobalSection
EndGlobal
